
Microsoft Visual Studio Solution File, Format Version 12.00
# Visual Studio Version 17
VisualStudioVersion = 17.14.36429.23 d17.14
MinimumVisualStudioVersion = 10.0.40219.1
Project("{FAE04EC0-301F-11D3-BF4B-00C04F79EFBC}") = "ApacheTech.Common.Extensions.Harmony", "src\ApacheTech.Common.Extensions.Harmony\ApacheTech.Common.Extensions.Harmony.csproj", "{C6CE323D-B3F5-3B2C-F55B-28FDE1682BFC}"
EndProject
Project("{2150E333-8FDC-42A3-9474-1A3956D46DE8}") = "Solution Items", "Solution Items", "{8EC462FD-D22E-90A8-E5CE-7E832BA40C5D}"
	ProjectSection(SolutionItems) = preProject
		LICENCE.md = LICENCE.md
		pack.bat = pack.bat
		README.md = README.md
	EndProjectSection
EndProject
Global
	GlobalSection(SolutionConfigurationPlatforms) = preSolution
		Debug|Any CPU = Debug|Any CPU
		Release|Any CPU = Release|Any CPU
	EndGlobalSection
	GlobalSection(ProjectConfigurationPlatforms) = postSolution
		{C6CE323D-B3F5-3B2C-F55B-28FDE1682BFC}.Debug|Any CPU.ActiveCfg = Debug|Any CPU
		{C6CE323D-B3F5-3B2C-F55B-28FDE1682BFC}.Debug|Any CPU.Build.0 = Debug|Any CPU
		{C6CE323D-B3F5-3B2C-F55B-28FDE1682BFC}.Release|Any CPU.ActiveCfg = Release|Any CPU
		{C6CE323D-B3F5-3B2C-F55B-28FDE1682BFC}.Release|Any CPU.Build.0 = Release|Any CPU
	EndGlobalSection
	GlobalSection(SolutionProperties) = preSolution
		HideSolutionNode = FALSE
	EndGlobalSection
	GlobalSection(ExtensibilityGlobals) = postSolution
		SolutionGuid = {066D321E-B860-405F-B8A0-C18C263A30EB}
	EndGlobalSection
EndGlobal
